
Microsoft Visual Studio Solution File, Format Version 12.00
# Visual Studio 15
VisualStudioVersion = 15.0.27004.2006
MinimumVisualStudioVersion = 10.0.40219.1
Project("{FAE04EC0-301F-11D3-BF4B-00C04F79EFBC}") = "ConsoleApp28", "ConsoleApp28\ConsoleApp28.csproj", "{ACDAE75E-6389-4F25-BF9F-A5F2C891774D}"
EndProject
Global
	GlobalSection(SolutionConfigurationPlatforms) = preSolution
		Debug|Any CPU = Debug|Any CPU
		Release|Any CPU = Release|Any CPU
	EndGlobalSection
	GlobalSection(ProjectConfigurationPlatforms) = postSolution
		{ACDAE75E-6389-4F25-BF9F-A5F2C891774D}.Debug|Any CPU.ActiveCfg = Debug|Any CPU
		{ACDAE75E-6389-4F25-BF9F-A5F2C891774D}.Debug|Any CPU.Build.0 = Debug|Any CPU
		{ACDAE75E-6389-4F25-BF9F-A5F2C891774D}.Release|Any CPU.ActiveCfg = Release|Any CPU
		{ACDAE75E-6389-4F25-BF9F-A5F2C891774D}.Release|Any CPU.Build.0 = Release|Any CPU
	EndGlobalSection
	GlobalSection(SolutionProperties) = preSolution
		HideSolutionNode = FALSE
	EndGlobalSection
	GlobalSection(ExtensibilityGlobals) = postSolution
		SolutionGuid = {6772F67C-1E18-4181-8604-D25E63D09CFD}
	EndGlobalSection
EndGlobal
