
Microsoft Visual Studio Solution File, Format Version 12.00
# Visual Studio 15
VisualStudioVersion = 15.0.27004.2006
MinimumVisualStudioVersion = 10.0.40219.1
Project("{FAE04EC0-301F-11D3-BF4B-00C04F79EFBC}") = "ConsoleApp2", "ConsoleApp2\ConsoleApp2.csproj", "{D66E108D-8851-4725-BB9C-7B0F8319C8D5}"
EndProject
Global
	GlobalSection(SolutionConfigurationPlatforms) = preSolution
		Debug|Any CPU = Debug|Any CPU
		Release|Any CPU = Release|Any CPU
	EndGlobalSection
	GlobalSection(ProjectConfigurationPlatforms) = postSolution
		{D66E108D-8851-4725-BB9C-7B0F8319C8D5}.Debug|Any CPU.ActiveCfg = Debug|Any CPU
		{D66E108D-8851-4725-BB9C-7B0F8319C8D5}.Debug|Any CPU.Build.0 = Debug|Any CPU
		{D66E108D-8851-4725-BB9C-7B0F8319C8D5}.Release|Any CPU.ActiveCfg = Release|Any CPU
		{D66E108D-8851-4725-BB9C-7B0F8319C8D5}.Release|Any CPU.Build.0 = Release|Any CPU
	EndGlobalSection
	GlobalSection(SolutionProperties) = preSolution
		HideSolutionNode = FALSE
	EndGlobalSection
	GlobalSection(ExtensibilityGlobals) = postSolution
		SolutionGuid = {D6A1549F-E4BD-4A8E-872E-635800B7DD0D}
	EndGlobalSection
EndGlobal
