
Microsoft Visual Studio Solution File, Format Version 12.00
# Visual Studio 15
VisualStudioVersion = 15.0.27004.2006
MinimumVisualStudioVersion = 10.0.40219.1
Project("{FAE04EC0-301F-11D3-BF4B-00C04F79EFBC}") = "IntroArchivos", "IntroArchivos\IntroArchivos.csproj", "{18999420-1518-471C-8C76-A76A4DF7667E}"
EndProject
Global
	GlobalSection(SolutionConfigurationPlatforms) = preSolution
		Debug|Any CPU = Debug|Any CPU
		Release|Any CPU = Release|Any CPU
	EndGlobalSection
	GlobalSection(ProjectConfigurationPlatforms) = postSolution
		{18999420-1518-471C-8C76-A76A4DF7667E}.Debug|Any CPU.ActiveCfg = Debug|Any CPU
		{18999420-1518-471C-8C76-A76A4DF7667E}.Debug|Any CPU.Build.0 = Debug|Any CPU
		{18999420-1518-471C-8C76-A76A4DF7667E}.Release|Any CPU.ActiveCfg = Release|Any CPU
		{18999420-1518-471C-8C76-A76A4DF7667E}.Release|Any CPU.Build.0 = Release|Any CPU
	EndGlobalSection
	GlobalSection(SolutionProperties) = preSolution
		HideSolutionNode = FALSE
	EndGlobalSection
	GlobalSection(ExtensibilityGlobals) = postSolution
		SolutionGuid = {4166BE39-F257-4E65-8B08-16AD4D63CC03}
	EndGlobalSection
EndGlobal
