
Microsoft Visual Studio Solution File, Format Version 12.00
# Visual Studio 15
VisualStudioVersion = 15.0.27004.2006
MinimumVisualStudioVersion = 10.0.40219.1
Project("{FAE04EC0-301F-11D3-BF4B-00C04F79EFBC}") = "WebNoticias", "WebNoticias\WebNoticias.csproj", "{4602B1BD-6A86-4F97-ADDF-4283D19843C9}"
	ProjectSection(ProjectDependencies) = postProject
		{1044F133-CD6B-48B9-982F-7903321F03B9} = {1044F133-CD6B-48B9-982F-7903321F03B9}
	EndProjectSection
EndProject
Project("{FAE04EC0-301F-11D3-BF4B-00C04F79EFBC}") = "DataAccess", "DataAccess\DataAccess.csproj", "{D4BF06C6-4B97-4FC5-8A0E-A8AACEAFB01D}"
EndProject
Project("{FAE04EC0-301F-11D3-BF4B-00C04F79EFBC}") = "Negocio", "Negocio\Negocio.csproj", "{1044F133-CD6B-48B9-982F-7903321F03B9}"
	ProjectSection(ProjectDependencies) = postProject
		{D4BF06C6-4B97-4FC5-8A0E-A8AACEAFB01D} = {D4BF06C6-4B97-4FC5-8A0E-A8AACEAFB01D}
	EndProjectSection
EndProject
Global
	GlobalSection(SolutionConfigurationPlatforms) = preSolution
		Debug|Any CPU = Debug|Any CPU
		Release|Any CPU = Release|Any CPU
	EndGlobalSection
	GlobalSection(ProjectConfigurationPlatforms) = postSolution
		{4602B1BD-6A86-4F97-ADDF-4283D19843C9}.Debug|Any CPU.ActiveCfg = Debug|Any CPU
		{4602B1BD-6A86-4F97-ADDF-4283D19843C9}.Debug|Any CPU.Build.0 = Debug|Any CPU
		{4602B1BD-6A86-4F97-ADDF-4283D19843C9}.Release|Any CPU.ActiveCfg = Release|Any CPU
		{4602B1BD-6A86-4F97-ADDF-4283D19843C9}.Release|Any CPU.Build.0 = Release|Any CPU
		{D4BF06C6-4B97-4FC5-8A0E-A8AACEAFB01D}.Debug|Any CPU.ActiveCfg = Debug|Any CPU
		{D4BF06C6-4B97-4FC5-8A0E-A8AACEAFB01D}.Debug|Any CPU.Build.0 = Debug|Any CPU
		{D4BF06C6-4B97-4FC5-8A0E-A8AACEAFB01D}.Release|Any CPU.ActiveCfg = Release|Any CPU
		{D4BF06C6-4B97-4FC5-8A0E-A8AACEAFB01D}.Release|Any CPU.Build.0 = Release|Any CPU
		{1044F133-CD6B-48B9-982F-7903321F03B9}.Debug|Any CPU.ActiveCfg = Debug|Any CPU
		{1044F133-CD6B-48B9-982F-7903321F03B9}.Debug|Any CPU.Build.0 = Debug|Any CPU
		{1044F133-CD6B-48B9-982F-7903321F03B9}.Release|Any CPU.ActiveCfg = Release|Any CPU
		{1044F133-CD6B-48B9-982F-7903321F03B9}.Release|Any CPU.Build.0 = Release|Any CPU
	EndGlobalSection
	GlobalSection(SolutionProperties) = preSolution
		HideSolutionNode = FALSE
	EndGlobalSection
	GlobalSection(ExtensibilityGlobals) = postSolution
		SolutionGuid = {33FAC345-9630-4AB5-950E-C686BC9F47C2}
	EndGlobalSection
EndGlobal
