
Microsoft Visual Studio Solution File, Format Version 12.00
# Visual Studio 15
VisualStudioVersion = 15.0.27004.2009
MinimumVisualStudioVersion = 10.0.40219.1
Project("{FAE04EC0-301F-11D3-BF4B-00C04F79EFBC}") = "DataAccess", "DataAccess\DataAccess.csproj", "{C0786930-6553-4FBE-BB0F-64A141243BB0}"
EndProject
Project("{FAE04EC0-301F-11D3-BF4B-00C04F79EFBC}") = "Servicios", "Servicios\Servicios.csproj", "{74F91C22-AC78-41A2-9BC4-E7D029E448B3}"
EndProject
Project("{FAE04EC0-301F-11D3-BF4B-00C04F79EFBC}") = "Presentacion", "Presentacion\Presentacion.csproj", "{469CF9E6-2C1F-4461-9198-D2DB670A52D4}"
	ProjectSection(ProjectDependencies) = postProject
		{74F91C22-AC78-41A2-9BC4-E7D029E448B3} = {74F91C22-AC78-41A2-9BC4-E7D029E448B3}
	EndProjectSection
EndProject
Global
	GlobalSection(SolutionConfigurationPlatforms) = preSolution
		Debug|Any CPU = Debug|Any CPU
		Release|Any CPU = Release|Any CPU
	EndGlobalSection
	GlobalSection(ProjectConfigurationPlatforms) = postSolution
		{C0786930-6553-4FBE-BB0F-64A141243BB0}.Debug|Any CPU.ActiveCfg = Debug|Any CPU
		{C0786930-6553-4FBE-BB0F-64A141243BB0}.Debug|Any CPU.Build.0 = Debug|Any CPU
		{C0786930-6553-4FBE-BB0F-64A141243BB0}.Release|Any CPU.ActiveCfg = Release|Any CPU
		{C0786930-6553-4FBE-BB0F-64A141243BB0}.Release|Any CPU.Build.0 = Release|Any CPU
		{74F91C22-AC78-41A2-9BC4-E7D029E448B3}.Debug|Any CPU.ActiveCfg = Debug|Any CPU
		{74F91C22-AC78-41A2-9BC4-E7D029E448B3}.Debug|Any CPU.Build.0 = Debug|Any CPU
		{74F91C22-AC78-41A2-9BC4-E7D029E448B3}.Release|Any CPU.ActiveCfg = Release|Any CPU
		{74F91C22-AC78-41A2-9BC4-E7D029E448B3}.Release|Any CPU.Build.0 = Release|Any CPU
		{469CF9E6-2C1F-4461-9198-D2DB670A52D4}.Debug|Any CPU.ActiveCfg = Debug|Any CPU
		{469CF9E6-2C1F-4461-9198-D2DB670A52D4}.Debug|Any CPU.Build.0 = Debug|Any CPU
		{469CF9E6-2C1F-4461-9198-D2DB670A52D4}.Release|Any CPU.ActiveCfg = Release|Any CPU
		{469CF9E6-2C1F-4461-9198-D2DB670A52D4}.Release|Any CPU.Build.0 = Release|Any CPU
	EndGlobalSection
	GlobalSection(SolutionProperties) = preSolution
		HideSolutionNode = FALSE
	EndGlobalSection
	GlobalSection(ExtensibilityGlobals) = postSolution
		SolutionGuid = {A0F0357A-74E6-4331-9722-472413698FD5}
	EndGlobalSection
EndGlobal
